
Microsoft Visual Studio Solution File, Format Version 12.00
# Visual Studio 14
VisualStudioVersion = 14.0.25420.1
MinimumVisualStudioVersion = 10.0.40219.1
Project("{FAE04EC0-301F-11D3-BF4B-00C04F79EFBC}") = "FileCopier", "FileCopier.csproj", "{264D1A9E-F4D0-4973-A716-47061F2FAB99}"
EndProject
Project("{FAE04EC0-301F-11D3-BF4B-00C04F79EFBC}") = "FileIndexer", "..\FileIndexer\FileIndexer.csproj", "{38483890-230E-4198-B4DF-BBE40079A9EE}"
EndProject
Project("{FAE04EC0-301F-11D3-BF4B-00C04F79EFBC}") = "Core", "..\Core\Core.csproj", "{903D3EB8-6772-4932-ACE3-097B278ED6AD}"
EndProject
Global
	GlobalSection(SolutionConfigurationPlatforms) = preSolution
		Debug|Any CPU = Debug|Any CPU
		Release|Any CPU = Release|Any CPU
	EndGlobalSection
	GlobalSection(ProjectConfigurationPlatforms) = postSolution
		{264D1A9E-F4D0-4973-A716-47061F2FAB99}.Debug|Any CPU.ActiveCfg = Debug|Any CPU
		{264D1A9E-F4D0-4973-A716-47061F2FAB99}.Debug|Any CPU.Build.0 = Debug|Any CPU
		{264D1A9E-F4D0-4973-A716-47061F2FAB99}.Release|Any CPU.ActiveCfg = Release|Any CPU
		{264D1A9E-F4D0-4973-A716-47061F2FAB99}.Release|Any CPU.Build.0 = Release|Any CPU
		{38483890-230E-4198-B4DF-BBE40079A9EE}.Debug|Any CPU.ActiveCfg = Debug|Any CPU
		{38483890-230E-4198-B4DF-BBE40079A9EE}.Debug|Any CPU.Build.0 = Debug|Any CPU
		{38483890-230E-4198-B4DF-BBE40079A9EE}.Release|Any CPU.ActiveCfg = Release|Any CPU
		{38483890-230E-4198-B4DF-BBE40079A9EE}.Release|Any CPU.Build.0 = Release|Any CPU
		{903D3EB8-6772-4932-ACE3-097B278ED6AD}.Debug|Any CPU.ActiveCfg = Debug|Any CPU
		{903D3EB8-6772-4932-ACE3-097B278ED6AD}.Debug|Any CPU.Build.0 = Debug|Any CPU
		{903D3EB8-6772-4932-ACE3-097B278ED6AD}.Release|Any CPU.ActiveCfg = Release|Any CPU
		{903D3EB8-6772-4932-ACE3-097B278ED6AD}.Release|Any CPU.Build.0 = Release|Any CPU
	EndGlobalSection
	GlobalSection(SolutionProperties) = preSolution
		HideSolutionNode = FALSE
	EndGlobalSection
EndGlobal
